
Microsoft Visual Studio Solution File, Format Version 12.00
# Visual Studio Version 17
VisualStudioVersion = 17.8.34511.84
MinimumVisualStudioVersion = 10.0.40219.1
Project("{FAE04EC0-301F-11D3-BF4B-00C04F79EFBC}") = "COMP003A.LectureActivity7", "COMP003A.LectureActivity7\COMP003A.LectureActivity7.csproj", "{F1DD8AE9-B46F-46B3-AD0E-6551CB77DCA3}"
EndProject
Global
	GlobalSection(SolutionConfigurationPlatforms) = preSolution
		Debug|Any CPU = Debug|Any CPU
		Release|Any CPU = Release|Any CPU
	EndGlobalSection
	GlobalSection(ProjectConfigurationPlatforms) = postSolution
		{F1DD8AE9-B46F-46B3-AD0E-6551CB77DCA3}.Debug|Any CPU.ActiveCfg = Debug|Any CPU
		{F1DD8AE9-B46F-46B3-AD0E-6551CB77DCA3}.Debug|Any CPU.Build.0 = Debug|Any CPU
		{F1DD8AE9-B46F-46B3-AD0E-6551CB77DCA3}.Release|Any CPU.ActiveCfg = Release|Any CPU
		{F1DD8AE9-B46F-46B3-AD0E-6551CB77DCA3}.Release|Any CPU.Build.0 = Release|Any CPU
	EndGlobalSection
	GlobalSection(SolutionProperties) = preSolution
		HideSolutionNode = FALSE
	EndGlobalSection
	GlobalSection(ExtensibilityGlobals) = postSolution
		SolutionGuid = {8D8A4BCD-42D4-4C3D-B89A-8FD0E07B48AF}
	EndGlobalSection
EndGlobal
